
Microsoft Visual Studio Solution File, Format Version 12.00
# Visual Studio Version 16
VisualStudioVersion = 16.0.29102.190
MinimumVisualStudioVersion = 10.0.40219.1
Project("{9A19103F-16F7-4668-BE54-9A1E7A4F7556}") = "01. Convert Meters to Kilometers", "01. Convert Meters to Kilometers\01. Convert Meters to Kilometers.csproj", "{A3E4DBCF-607F-4196-8ED7-1FDA5B480ADB}"
EndProject
Project("{FAE04EC0-301F-11D3-BF4B-00C04F79EFBC}") = "02. Pounds to Dollars", "02. Pounds to Dollars\02. Pounds to Dollars.csproj", "{160950F4-28D0-46C7-AD87-EC897FFF4F0D}"
EndProject
Project("{FAE04EC0-301F-11D3-BF4B-00C04F79EFBC}") = "03. Exact Sum of Real Numbers", "03. Exact Sum of Real Numbers\03. Exact Sum of Real Numbers.csproj", "{30357E96-6C5E-4DBC-A9F1-68AB6B49B3B6}"
EndProject
Project("{FAE04EC0-301F-11D3-BF4B-00C04F79EFBC}") = "04. Centuries to Minutes", "04. Centuries to Minutes\04. Centuries to Minutes.csproj", "{12CE5B72-21A2-4605-94F5-5A820FA9987F}"
EndProject
Project("{FAE04EC0-301F-11D3-BF4B-00C04F79EFBC}") = "05. Special Numbers", "05. Special Numbers\05. Special Numbers.csproj", "{41E228ED-CCED-4CC5-A7BD-1569DDE71529}"
EndProject
Project("{FAE04EC0-301F-11D3-BF4B-00C04F79EFBC}") = "06. Reversed Chars", "06. Reversed Chars\06. Reversed Chars.csproj", "{E67F5627-00C2-4E70-AE6D-1CA9C8822FA9}"
EndProject
Project("{FAE04EC0-301F-11D3-BF4B-00C04F79EFBC}") = "07. Concat Names", "07. Concat Names\07. Concat Names.csproj", "{B4CBBF08-8FC7-4544-B0E2-521D6D2A9640}"
EndProject
Project("{FAE04EC0-301F-11D3-BF4B-00C04F79EFBC}") = "08. Town Info", "08. Town Info\08. Town Info.csproj", "{A78341C6-1B0C-4252-A815-718F1CF572E7}"
EndProject
Project("{FAE04EC0-301F-11D3-BF4B-00C04F79EFBC}") = "09. Chars to String", "09. Chars to String\09. Chars to String.csproj", "{5E0C97C8-EFA9-43B8-A9C2-6530EC28BF15}"
EndProject
Project("{FAE04EC0-301F-11D3-BF4B-00C04F79EFBC}") = "10. Lower or Upper", "10. Lower or Upper\10. Lower or Upper.csproj", "{F502E5E5-65B9-4960-ABAD-4D5B705A7809}"
EndProject
Project("{FAE04EC0-301F-11D3-BF4B-00C04F79EFBC}") = "11. Refactor Volume of Pyramid", "11. Refactor Volume of Pyramid\11. Refactor Volume of Pyramid.csproj", "{F8F4E983-976B-4E30-808B-BB69F807E49C}"
EndProject
Project("{FAE04EC0-301F-11D3-BF4B-00C04F79EFBC}") = "12. Refactor Special Numbers", "12. Refactor Special Numbers\12. Refactor Special Numbers.csproj", "{7EE12A20-28D1-4847-A754-C62E3B6C9648}"
EndProject
Global
	GlobalSection(SolutionConfigurationPlatforms) = preSolution
		Debug|Any CPU = Debug|Any CPU
		Release|Any CPU = Release|Any CPU
	EndGlobalSection
	GlobalSection(ProjectConfigurationPlatforms) = postSolution
		{A3E4DBCF-607F-4196-8ED7-1FDA5B480ADB}.Debug|Any CPU.ActiveCfg = Debug|Any CPU
		{A3E4DBCF-607F-4196-8ED7-1FDA5B480ADB}.Debug|Any CPU.Build.0 = Debug|Any CPU
		{A3E4DBCF-607F-4196-8ED7-1FDA5B480ADB}.Release|Any CPU.ActiveCfg = Release|Any CPU
		{A3E4DBCF-607F-4196-8ED7-1FDA5B480ADB}.Release|Any CPU.Build.0 = Release|Any CPU
		{160950F4-28D0-46C7-AD87-EC897FFF4F0D}.Debug|Any CPU.ActiveCfg = Debug|Any CPU
		{160950F4-28D0-46C7-AD87-EC897FFF4F0D}.Debug|Any CPU.Build.0 = Debug|Any CPU
		{160950F4-28D0-46C7-AD87-EC897FFF4F0D}.Release|Any CPU.ActiveCfg = Release|Any CPU
		{160950F4-28D0-46C7-AD87-EC897FFF4F0D}.Release|Any CPU.Build.0 = Release|Any CPU
		{30357E96-6C5E-4DBC-A9F1-68AB6B49B3B6}.Debug|Any CPU.ActiveCfg = Debug|Any CPU
		{30357E96-6C5E-4DBC-A9F1-68AB6B49B3B6}.Debug|Any CPU.Build.0 = Debug|Any CPU
		{30357E96-6C5E-4DBC-A9F1-68AB6B49B3B6}.Release|Any CPU.ActiveCfg = Release|Any CPU
		{30357E96-6C5E-4DBC-A9F1-68AB6B49B3B6}.Release|Any CPU.Build.0 = Release|Any CPU
		{12CE5B72-21A2-4605-94F5-5A820FA9987F}.Debug|Any CPU.ActiveCfg = Debug|Any CPU
		{12CE5B72-21A2-4605-94F5-5A820FA9987F}.Debug|Any CPU.Build.0 = Debug|Any CPU
		{12CE5B72-21A2-4605-94F5-5A820FA9987F}.Release|Any CPU.ActiveCfg = Release|Any CPU
		{12CE5B72-21A2-4605-94F5-5A820FA9987F}.Release|Any CPU.Build.0 = Release|Any CPU
		{41E228ED-CCED-4CC5-A7BD-1569DDE71529}.Debug|Any CPU.ActiveCfg = Debug|Any CPU
		{41E228ED-CCED-4CC5-A7BD-1569DDE71529}.Debug|Any CPU.Build.0 = Debug|Any CPU
		{41E228ED-CCED-4CC5-A7BD-1569DDE71529}.Release|Any CPU.ActiveCfg = Release|Any CPU
		{41E228ED-CCED-4CC5-A7BD-1569DDE71529}.Release|Any CPU.Build.0 = Release|Any CPU
		{E67F5627-00C2-4E70-AE6D-1CA9C8822FA9}.Debug|Any CPU.ActiveCfg = Debug|Any CPU
		{E67F5627-00C2-4E70-AE6D-1CA9C8822FA9}.Debug|Any CPU.Build.0 = Debug|Any CPU
		{E67F5627-00C2-4E70-AE6D-1CA9C8822FA9}.Release|Any CPU.ActiveCfg = Release|Any CPU
		{E67F5627-00C2-4E70-AE6D-1CA9C8822FA9}.Release|Any CPU.Build.0 = Release|Any CPU
		{B4CBBF08-8FC7-4544-B0E2-521D6D2A9640}.Debug|Any CPU.ActiveCfg = Debug|Any CPU
		{B4CBBF08-8FC7-4544-B0E2-521D6D2A9640}.Debug|Any CPU.Build.0 = Debug|Any CPU
		{B4CBBF08-8FC7-4544-B0E2-521D6D2A9640}.Release|Any CPU.ActiveCfg = Release|Any CPU
		{B4CBBF08-8FC7-4544-B0E2-521D6D2A9640}.Release|Any CPU.Build.0 = Release|Any CPU
		{A78341C6-1B0C-4252-A815-718F1CF572E7}.Debug|Any CPU.ActiveCfg = Debug|Any CPU
		{A78341C6-1B0C-4252-A815-718F1CF572E7}.Debug|Any CPU.Build.0 = Debug|Any CPU
		{A78341C6-1B0C-4252-A815-718F1CF572E7}.Release|Any CPU.ActiveCfg = Release|Any CPU
		{A78341C6-1B0C-4252-A815-718F1CF572E7}.Release|Any CPU.Build.0 = Release|Any CPU
		{5E0C97C8-EFA9-43B8-A9C2-6530EC28BF15}.Debug|Any CPU.ActiveCfg = Debug|Any CPU
		{5E0C97C8-EFA9-43B8-A9C2-6530EC28BF15}.Debug|Any CPU.Build.0 = Debug|Any CPU
		{5E0C97C8-EFA9-43B8-A9C2-6530EC28BF15}.Release|Any CPU.ActiveCfg = Release|Any CPU
		{5E0C97C8-EFA9-43B8-A9C2-6530EC28BF15}.Release|Any CPU.Build.0 = Release|Any CPU
		{F502E5E5-65B9-4960-ABAD-4D5B705A7809}.Debug|Any CPU.ActiveCfg = Debug|Any CPU
		{F502E5E5-65B9-4960-ABAD-4D5B705A7809}.Debug|Any CPU.Build.0 = Debug|Any CPU
		{F502E5E5-65B9-4960-ABAD-4D5B705A7809}.Release|Any CPU.ActiveCfg = Release|Any CPU
		{F502E5E5-65B9-4960-ABAD-4D5B705A7809}.Release|Any CPU.Build.0 = Release|Any CPU
		{F8F4E983-976B-4E30-808B-BB69F807E49C}.Debug|Any CPU.ActiveCfg = Debug|Any CPU
		{F8F4E983-976B-4E30-808B-BB69F807E49C}.Debug|Any CPU.Build.0 = Debug|Any CPU
		{F8F4E983-976B-4E30-808B-BB69F807E49C}.Release|Any CPU.ActiveCfg = Release|Any CPU
		{F8F4E983-976B-4E30-808B-BB69F807E49C}.Release|Any CPU.Build.0 = Release|Any CPU
		{7EE12A20-28D1-4847-A754-C62E3B6C9648}.Debug|Any CPU.ActiveCfg = Debug|Any CPU
		{7EE12A20-28D1-4847-A754-C62E3B6C9648}.Debug|Any CPU.Build.0 = Debug|Any CPU
		{7EE12A20-28D1-4847-A754-C62E3B6C9648}.Release|Any CPU.ActiveCfg = Release|Any CPU
		{7EE12A20-28D1-4847-A754-C62E3B6C9648}.Release|Any CPU.Build.0 = Release|Any CPU
	EndGlobalSection
	GlobalSection(SolutionProperties) = preSolution
		HideSolutionNode = FALSE
	EndGlobalSection
	GlobalSection(ExtensibilityGlobals) = postSolution
		SolutionGuid = {542A3C23-26CC-442D-9D20-1F13C78A598B}
	EndGlobalSection
EndGlobal
